
Microsoft Visual Studio Solution File, Format Version 12.00
# Visual Studio 15
VisualStudioVersion = 15.0.27130.2027
MinimumVisualStudioVersion = 10.0.40219.1
Project("{FAE04EC0-301F-11D3-BF4B-00C04F79EFBC}") = "ApplicationInsights.DataGenerator", "ApplicationInsights.DataGenerator\ApplicationInsights.DataGenerator.csproj", "{3204B00D-378E-4484-B9D6-70A59A78C54C}"
EndProject
Project("{9A19103F-16F7-4668-BE54-9A1E7A4F7556}") = "ServiceBusExamples.MessagesSender.NetCore.Web", "ServiceBusExamples.MessagesSender.Web\ServiceBusExamples.MessagesSender.NetCore.Web.csproj", "{3E724019-35C7-45F9-8DF2-B79917C274F2}"
EndProject
Project("{FAE04EC0-301F-11D3-BF4B-00C04F79EFBC}") = "MichalBialecki.com.Odata.Web", "MichalBialecki.com.Odata.Web\MichalBialecki.com.Odata.Web.csproj", "{3A63F359-37C7-42E4-B230-757E57773B5B}"
EndProject
Project("{9A19103F-16F7-4668-BE54-9A1E7A4F7556}") = "MichalBialecki.com.Data.Dto", "MichalBialecki.com.Data.Dto\MichalBialecki.com.Data.Dto.csproj", "{CA8AA267-2BE1-4139-B5FA-711C6D2FB0EA}"
EndProject
Project("{FAE04EC0-301F-11D3-BF4B-00C04F79EFBC}") = "MichalBialecki.com.Egnyte.Examples", "MichalBialecki.com.Egnyte.Examples\MichalBialecki.com.Egnyte.Examples.csproj", "{8206601C-F9F6-4E27-8911-1696CCB02B81}"
EndProject
Project("{9A19103F-16F7-4668-BE54-9A1E7A4F7556}") = "MichalBialecki.com.ServiceBusCore", "MichalBialecki.com.ServiceBusCore\MichalBialecki.com.ServiceBusCore.csproj", "{42211CAC-25A7-4CEA-91DB-B0364A9BEC69}"
EndProject
Project("{9A19103F-16F7-4668-BE54-9A1E7A4F7556}") = "MichalBialecki.com.ServiceBusCore.Examples", "MichalBialecki.com.ServiceBusCore.Examples\MichalBialecki.com.ServiceBusCore.Examples.csproj", "{8A9236CA-0C77-4ECA-949F-E19CEA99A1F6}"
EndProject
Project("{9A19103F-16F7-4668-BE54-9A1E7A4F7556}") = "MichalBialecki.com.OrleansCore.AccountTransfer.Grains", "MichalBialecki.com.OrleansCore.AccountTransfer.Grains\MichalBialecki.com.OrleansCore.AccountTransfer.Grains.csproj", "{54E05B96-63A2-451B-8C72-A5E0F7A2049E}"
EndProject
Project("{9A19103F-16F7-4668-BE54-9A1E7A4F7556}") = "MichalBialecki.com.OrleansCore.AccountTransfer.Interfaces", "MichalBialecki.com.OrleansCore.AccountTransfer.Interfaces\MichalBialecki.com.OrleansCore.AccountTransfer.Interfaces.csproj", "{6E2943EB-E331-4D22-AADC-4B87BFABB2D2}"
EndProject
Project("{9A19103F-16F7-4668-BE54-9A1E7A4F7556}") = "MichalBialecki.com.OrleansCore.AccountTransfer.Host", "MichalBialecki.com.OrleansCore.AccountTransfer.Host\MichalBialecki.com.OrleansCore.AccountTransfer.Host.csproj", "{8D8FBA0D-5472-4D46-8BD3-B7EDF06C82D1}"
EndProject
Project("{FAE04EC0-301F-11D3-BF4B-00C04F79EFBC}") = "MichalBialecki.com.OrleansCore.AccountTransfer.Client", "MichalBialecki.com.OrleansCore.AccountTransfer.Client\MichalBialecki.com.OrleansCore.AccountTransfer.Client.csproj", "{E34CDD8E-423F-49A2-A3CF-7C877D44E821}"
EndProject
Project("{FAE04EC0-301F-11D3-BF4B-00C04F79EFBC}") = "MichalBialecki.com.ServiceBus.Examples", "MichalBialecki.com.ServiceBus.Examples\MichalBialecki.com.ServiceBus.Examples.csproj", "{85C421AB-87A9-418C-B515-BF4BB0D17FA2}"
EndProject
Global
	GlobalSection(SolutionConfigurationPlatforms) = preSolution
		Debug|Any CPU = Debug|Any CPU
		Release|Any CPU = Release|Any CPU
	EndGlobalSection
	GlobalSection(ProjectConfigurationPlatforms) = postSolution
		{3204B00D-378E-4484-B9D6-70A59A78C54C}.Debug|Any CPU.ActiveCfg = Debug|Any CPU
		{3204B00D-378E-4484-B9D6-70A59A78C54C}.Debug|Any CPU.Build.0 = Debug|Any CPU
		{3204B00D-378E-4484-B9D6-70A59A78C54C}.Release|Any CPU.ActiveCfg = Release|Any CPU
		{3204B00D-378E-4484-B9D6-70A59A78C54C}.Release|Any CPU.Build.0 = Release|Any CPU
		{3E724019-35C7-45F9-8DF2-B79917C274F2}.Debug|Any CPU.ActiveCfg = Debug|Any CPU
		{3E724019-35C7-45F9-8DF2-B79917C274F2}.Debug|Any CPU.Build.0 = Debug|Any CPU
		{3E724019-35C7-45F9-8DF2-B79917C274F2}.Release|Any CPU.ActiveCfg = Release|Any CPU
		{3E724019-35C7-45F9-8DF2-B79917C274F2}.Release|Any CPU.Build.0 = Release|Any CPU
		{3A63F359-37C7-42E4-B230-757E57773B5B}.Debug|Any CPU.ActiveCfg = Debug|Any CPU
		{3A63F359-37C7-42E4-B230-757E57773B5B}.Debug|Any CPU.Build.0 = Debug|Any CPU
		{3A63F359-37C7-42E4-B230-757E57773B5B}.Release|Any CPU.ActiveCfg = Release|Any CPU
		{3A63F359-37C7-42E4-B230-757E57773B5B}.Release|Any CPU.Build.0 = Release|Any CPU
		{CA8AA267-2BE1-4139-B5FA-711C6D2FB0EA}.Debug|Any CPU.ActiveCfg = Debug|Any CPU
		{CA8AA267-2BE1-4139-B5FA-711C6D2FB0EA}.Debug|Any CPU.Build.0 = Debug|Any CPU
		{CA8AA267-2BE1-4139-B5FA-711C6D2FB0EA}.Release|Any CPU.ActiveCfg = Release|Any CPU
		{CA8AA267-2BE1-4139-B5FA-711C6D2FB0EA}.Release|Any CPU.Build.0 = Release|Any CPU
		{8206601C-F9F6-4E27-8911-1696CCB02B81}.Debug|Any CPU.ActiveCfg = Debug|Any CPU
		{8206601C-F9F6-4E27-8911-1696CCB02B81}.Debug|Any CPU.Build.0 = Debug|Any CPU
		{8206601C-F9F6-4E27-8911-1696CCB02B81}.Release|Any CPU.ActiveCfg = Release|Any CPU
		{8206601C-F9F6-4E27-8911-1696CCB02B81}.Release|Any CPU.Build.0 = Release|Any CPU
		{42211CAC-25A7-4CEA-91DB-B0364A9BEC69}.Debug|Any CPU.ActiveCfg = Debug|Any CPU
		{42211CAC-25A7-4CEA-91DB-B0364A9BEC69}.Debug|Any CPU.Build.0 = Debug|Any CPU
		{42211CAC-25A7-4CEA-91DB-B0364A9BEC69}.Release|Any CPU.ActiveCfg = Release|Any CPU
		{42211CAC-25A7-4CEA-91DB-B0364A9BEC69}.Release|Any CPU.Build.0 = Release|Any CPU
		{8A9236CA-0C77-4ECA-949F-E19CEA99A1F6}.Debug|Any CPU.ActiveCfg = Debug|Any CPU
		{8A9236CA-0C77-4ECA-949F-E19CEA99A1F6}.Debug|Any CPU.Build.0 = Debug|Any CPU
		{8A9236CA-0C77-4ECA-949F-E19CEA99A1F6}.Release|Any CPU.ActiveCfg = Release|Any CPU
		{8A9236CA-0C77-4ECA-949F-E19CEA99A1F6}.Release|Any CPU.Build.0 = Release|Any CPU
		{54E05B96-63A2-451B-8C72-A5E0F7A2049E}.Debug|Any CPU.ActiveCfg = Debug|Any CPU
		{54E05B96-63A2-451B-8C72-A5E0F7A2049E}.Debug|Any CPU.Build.0 = Debug|Any CPU
		{54E05B96-63A2-451B-8C72-A5E0F7A2049E}.Release|Any CPU.ActiveCfg = Release|Any CPU
		{54E05B96-63A2-451B-8C72-A5E0F7A2049E}.Release|Any CPU.Build.0 = Release|Any CPU
		{6E2943EB-E331-4D22-AADC-4B87BFABB2D2}.Debug|Any CPU.ActiveCfg = Debug|Any CPU
		{6E2943EB-E331-4D22-AADC-4B87BFABB2D2}.Debug|Any CPU.Build.0 = Debug|Any CPU
		{6E2943EB-E331-4D22-AADC-4B87BFABB2D2}.Release|Any CPU.ActiveCfg = Release|Any CPU
		{6E2943EB-E331-4D22-AADC-4B87BFABB2D2}.Release|Any CPU.Build.0 = Release|Any CPU
		{8D8FBA0D-5472-4D46-8BD3-B7EDF06C82D1}.Debug|Any CPU.ActiveCfg = Debug|Any CPU
		{8D8FBA0D-5472-4D46-8BD3-B7EDF06C82D1}.Debug|Any CPU.Build.0 = Debug|Any CPU
		{8D8FBA0D-5472-4D46-8BD3-B7EDF06C82D1}.Release|Any CPU.ActiveCfg = Release|Any CPU
		{8D8FBA0D-5472-4D46-8BD3-B7EDF06C82D1}.Release|Any CPU.Build.0 = Release|Any CPU
		{E34CDD8E-423F-49A2-A3CF-7C877D44E821}.Debug|Any CPU.ActiveCfg = Debug|Any CPU
		{E34CDD8E-423F-49A2-A3CF-7C877D44E821}.Debug|Any CPU.Build.0 = Debug|Any CPU
		{E34CDD8E-423F-49A2-A3CF-7C877D44E821}.Release|Any CPU.ActiveCfg = Release|Any CPU
		{E34CDD8E-423F-49A2-A3CF-7C877D44E821}.Release|Any CPU.Build.0 = Release|Any CPU
		{85C421AB-87A9-418C-B515-BF4BB0D17FA2}.Debug|Any CPU.ActiveCfg = Debug|Any CPU
		{85C421AB-87A9-418C-B515-BF4BB0D17FA2}.Debug|Any CPU.Build.0 = Debug|Any CPU
		{85C421AB-87A9-418C-B515-BF4BB0D17FA2}.Release|Any CPU.ActiveCfg = Release|Any CPU
		{85C421AB-87A9-418C-B515-BF4BB0D17FA2}.Release|Any CPU.Build.0 = Release|Any CPU
	EndGlobalSection
	GlobalSection(SolutionProperties) = preSolution
		HideSolutionNode = FALSE
	EndGlobalSection
	GlobalSection(ExtensibilityGlobals) = postSolution
		SolutionGuid = {C3373A55-770A-42BA-9879-7657C641E099}
	EndGlobalSection
EndGlobal
